# novo.lock — auto-generated by novo pkg, do not edit

[color-nv]
source = "registry"
url = "https://registry.novo-lang.org"
req = "^0.1.1"
version = "0.1.1"
hash = "6e4ebf531e3f2e4e11cfe9ad8b6b087792bac7bfd4cd0d901ae7e148c30e15ae"

[flate-nv]
source = "registry"
url = "https://registry.novo-lang.org"
req = "^0.0.2"
version = "0.0.2"
hash = "94526969eb11b1c539e1eaad561a1036c127902eb4d4c467f9c12fc098e4790c"

[png-nv]
source = "registry"
url = "https://registry.novo-lang.org"
req = "^0.0.3"
version = "0.0.3"
hash = "e542b350e587c56a02144eecbb88c20c9dcfc77d504da1de5500a4cabdacd771"

[qoi-nv]
source = "registry"
url = "https://registry.novo-lang.org"
req = "^0.1.0"
version = "0.1.0"
hash = "e2f987b3dccc22465976df445779d997464821a7b254f979ae117be974e1a7ad"
